// !$*UTF8*$!
{
	archiveVersion = 1;
	classes = {
	};
	objectVersion = 46;
	objects = {

/* Begin PBXBuildFile section */
		CAB1CE521BD42BDF00143C67 /* main.cpp in Sources */ = {isa = PBXBuildFile; fileRef = CAB1CE511BD42BDF00143C67 /* main.cpp */; };
/* End PBXBuildFile section */

/* Begin PBXCopyFilesBuildPhase section */
		CAB1CE4C1BD42BDF00143C67 /* CopyFiles */ = {
			isa = PBXCopyFilesBuildPhase;
			buildActionMask = 2147483647;
			dstPath = /usr/share/man/man1/;
			dstSubfolderSpec = 0;
			files = (
			);
			runOnlyForDeploymentPostprocessing = 1;
		};
/* End PBXCopyFilesBuildPhase section */

/* Begin PBXFileReference section */
		CAB1CE4E1BD42BDF00143C67 /* E - Fibonacci Sequence */ = {isa = PBXFileReference; explicitFileType = "compiled.mach-o.executable"; includeInIndex = 0; path = "E - Fibonacci Sequence"; sourceTree = BUILT_PRODUCTS_DIR; };
		CAB1CE511BD42BDF00143C67 /* main.cpp */ = {isa = PBXFileReference; lastKnownFileType = sourcecode.cpp.cpp; path = main.cpp; sourceTree = "<group>"; };
/* End PBXFileReference section */

/* Begin PBXFrameworksBuildPhase section */
		CAB1CE4B1BD42BDF00143C67 /* Frameworks */ = {
			isa = PBXFrameworksBuildPhase;
			buildActionMask = 2147483647;
			files = (
			);
			runOnlyForDeploymentPostprocessing = 0;
		};
/* End PBXFrameworksBuildPhase section */

/* Begin PBXGroup section */
		CAB1CE451BD42BDF00143C67 = {
			isa = PBXGroup;
			children = (
				CAB1CE501BD42BDF00143C67 /* E - Fibonacci Sequence */,
				CAB1CE4F1BD42BDF00143C67 /* Products */,
			);
			sourceTree = "<group>";
		};
		CAB1CE4F1BD42BDF00143C67 /* Products */ = {
			isa = PBXGroup;
			children = (
				CAB1CE4E1BD42BDF00143C67 /* E - Fibonacci Sequence */,
			);
			name = Products;
			sourceTree = "<group>";
		};
		CAB1CE501BD42BDF00143C67 /* E - Fibonacci Sequence */ = {
			isa = PBXGroup;
			children = (
				CAB1CE511BD42BDF00143C67 /* main.cpp */,
			);
			path = "E - Fibonacci Sequence";
			sourceTree = "<group>";
		};
/* End PBXGroup section */

/* Begin PBXNativeTarget section */
		CAB1CE4D1BD42BDF00143C67 /* E - Fibonacci Sequence */ = {
			isa = PBXNativeTarget;
			buildConfigurationList = CAB1CE551BD42BDF00143C67 /* Build configuration list for PBXNativeTarget "E - Fibonacci Sequence" */;
			buildPhases = (
				CAB1CE4A1BD42BDF00143C67 /* Sources */,
				CAB1CE4B1BD42BDF00143C67 /* Frameworks */,
				CAB1CE4C1BD42BDF00143C67 /* CopyFiles */,
			);
			buildRules = (
			);
			dependencies = (
			);
			name = "E - Fibonacci Sequence";
			productName = "E - Fibonacci Sequence";
			productReference = CAB1CE4E1BD42BDF00143C67 /* E - Fibonacci Sequence */;
			productType = "com.apple.product-type.tool";
		};
/* End PBXNativeTarget section */

/* Begin PBXProject section */
		CAB1CE461BD42BDF00143C67 /* Project object */ = {
			isa = PBXProject;
			attributes = {
				LastUpgradeCheck = 0700;
				ORGANIZATIONNAME = "Kieran Will";
				TargetAttributes = {
					CAB1CE4D1BD42BDF00143C67 = {
						CreatedOnToolsVersion = 7.0.1;
					};
				};
			};
			buildConfigurationList = CAB1CE491BD42BDF00143C67 /* Build configuration list for PBXProject "E - Fibonacci Sequence" */;
			compatibilityVersion = "Xcode 3.2";
			developmentRegion = English;
			hasScannedForEncodings = 0;
			knownRegions = (
				en,
			);
			mainGroup = CAB1CE451BD42BDF00143C67;
			productRefGroup = CAB1CE4F1BD42BDF00143C67 /* Products */;
			projectDirPath = "";
			projectRoot = "";
			targets = (
				CAB1CE4D1BD42BDF00143C67 /* E - Fibonacci Sequence */,
			);
		};
/* End PBXProject section */

/* Begin PBXSourcesBuildPhase section */
		CAB1CE4A1BD42BDF00143C67 /* Sources */ = {
			isa = PBXSourcesBuildPhase;
			buildActionMask = 2147483647;
			files = (
				CAB1CE521BD42BDF00143C67 /* main.cpp in Sources */,
			);
			runOnlyForDeploymentPostprocessing = 0;
		};
/* End PBXSourcesBuildPhase section */

/* Begin XCBuildConfiguration section */
		CAB1CE531BD42BDF00143C67 /* Debug */ = {
			isa = XCBuildConfiguration;
			buildSettings = {
				ALWAYS_SEARCH_USER_PATHS = NO;
				CLANG_CXX_LANGUAGE_STANDARD = "gnu++0x";
				CLANG_CXX_LIBRARY = "libc++";
				CLANG_ENABLE_MODULES = YES;
				CLANG_ENABLE_OBJC_ARC = YES;
				CLANG_WARN_BOOL_CONVERSION = YES;
				CLANG_WARN_CONSTANT_CONVERSION = YES;
				CLANG_WARN_DIRECT_OBJC_ISA_USAGE = YES_ERROR;
				CLANG_WARN_EMPTY_BODY = YES;
				CLANG_WARN_ENUM_CONVERSION = YES;
				CLANG_WARN_INT_CONVERSION = YES;
				CLANG_WARN_OBJC_ROOT_CLASS = YES_ERROR;
				CLANG_WARN_UNREACHABLE_CODE = YES;
				CLANG_WARN__DUPLICATE_METHOD_MATCH = YES;
				COPY_PHASE_STRIP = NO;
				DEBUG_INFORMATION_FORMAT = dwarf;
				ENABLE_STRICT_OBJC_MSGSEND = YES;
				ENABLE_TESTABILITY = YES;
				GCC_C_LANGUAGE_STANDARD = gnu99;
				GCC_DYNAMIC_NO_PIC = NO;
				GCC_NO_COMMON_BLOCKS = YES;
				GCC_OPTIMIZATION_LEVEL = 0;
				GCC_PREPROCESSOR_DEFINITIONS = (
					"DEBUG=1",
					"$(inherited)",
				);
				GCC_WARN_64_TO_32_BIT_CONVERSION = YES;
				GCC_WARN_ABOUT_RETURN_TYPE = YES_ERROR;
				GCC_WARN_UNDECLARED_SELECTOR = YES;
				GCC_WARN_UNINITIALIZED_AUTOS = YES_AGGRESSIVE;
				GCC_WARN_UNUSED_FUNCTION = YES;
				GCC_WARN_UNUSED_VARIABLE = YES;
				MACOSX_DEPLOYMENT_TARGET = 10.11;
				MTL_ENABLE_DEBUG_INFO = YES;
				ONLY_ACTIVE_ARCH = YES;
				SDKROOT = macosx;
			};
			name = Debug;
		};
		CAB1CE541BD42BDF00143C67 /* Release */ = {
			isa = XCBuildConfiguration;
			buildSettings = {
				ALWAYS_SEARCH_USER_PATHS = NO;
				CLANG_CXX_LANGUAGE_STANDARD = "gnu++0x";
				CLANG_CXX_LIBRARY = "libc++";
				CLANG_ENABLE_MODULES = YES;
				CLANG_ENABLE_OBJC_ARC = YES;
				CLANG_WARN_BOOL_CONVERSION = YES;
				CLANG_WARN_CONSTANT_CONVERSION = YES;
				CLANG_WARN_DIRECT_OBJC_ISA_USAGE = YES_ERROR;
				CLANG_WARN_EMPTY_BODY = YES;
				CLANG_WARN_ENUM_CONVERSION = YES;
				CLANG_WARN_INT_CONVERSION = YES;
				CLANG_WARN_OBJC_ROOT_CLASS = YES_ERROR;
				CLANG_WARN_UNREACHABLE_CODE = YES;
				CLANG_WARN__DUPLICATE_METHOD_MATCH = YES;
				COPY_PHASE_STRIP = NO;
				DEBUG_INFORMATION_FORMAT = "dwarf-with-dsym";
				ENABLE_NS_ASSERTIONS = NO;
				ENABLE_STRICT_OBJC_MSGSEND = YES;
				GCC_C_LANGUAGE_STANDARD = gnu99;
				GCC_NO_COMMON_BLOCKS = YES;
				GCC_WARN_64_TO_32_BIT_CONVERSION = YES;
				GCC_WARN_ABOUT_RETURN_TYPE = YES_ERROR;
				GCC_WARN_UNDECLARED_SELECTOR = YES;
				GCC_WARN_UNINITIALIZED_AUTOS = YES_AGGRESSIVE;
				GCC_WARN_UNUSED_FUNCTION = YES;
				GCC_WARN_UNUSED_VARIABLE = YES;
				MACOSX_DEPLOYMENT_TARGET = 10.11;
				MTL_ENABLE_DEBUG_INFO = NO;
				SDKROOT = macosx;
			};
			name = Release;
		};
		CAB1CE561BD42BDF00143C67 /* Debug */ = {
			isa = XCBuildConfiguration;
			buildSettings = {
				PRODUCT_NAME = "$(TARGET_NAME)";
			};
			name = Debug;
		};
		CAB1CE571BD42BDF00143C67 /* Release */ = {
			isa = XCBuildConfiguration;
			buildSettings = {
				PRODUCT_NAME = "$(TARGET_NAME)";
			};
			name = Release;
		};
/* End XCBuildConfiguration section */

/* Begin XCConfigurationList section */
		CAB1CE491BD42BDF00143C67 /* Build configuration list for PBXProject "E - Fibonacci Sequence" */ = {
			isa = XCConfigurationList;
			buildConfigurations = (
				CAB1CE531BD42BDF00143C67 /* Debug */,
				CAB1CE541BD42BDF00143C67 /* Release */,
			);
			defaultConfigurationIsVisible = 0;
			defaultConfigurationName = Release;
		};
		CAB1CE551BD42BDF00143C67 /* Build configuration list for PBXNativeTarget "E - Fibonacci Sequence" */ = {
			isa = XCConfigurationList;
			buildConfigurations = (
				CAB1CE561BD42BDF00143C67 /* Debug */,
				CAB1CE571BD42BDF00143C67 /* Release */,
			);
			defaultConfigurationIsVisible = 0;
		};
/* End XCConfigurationList section */
	};
	rootObject = CAB1CE461BD42BDF00143C67 /* Project object */;
}
