// !$*UTF8*$!
{
	archiveVersion = 1;
	classes = {
	};
	objectVersion = 46;
	objects = {

/* Begin PBXBuildFile section */
		CA5A85281BC387C600AC7B2C /* main.cpp in Sources */ = {isa = PBXBuildFile; fileRef = CA5A85271BC387C600AC7B2C /* main.cpp */; };
/* End PBXBuildFile section */

/* Begin PBXCopyFilesBuildPhase section */
		CA5A85221BC387C600AC7B2C /* CopyFiles */ = {
			isa = PBXCopyFilesBuildPhase;
			buildActionMask = 2147483647;
			dstPath = /usr/share/man/man1/;
			dstSubfolderSpec = 0;
			files = (
			);
			runOnlyForDeploymentPostprocessing = 1;
		};
/* End PBXCopyFilesBuildPhase section */

/* Begin PBXFileReference section */
		CA5A85241BC387C600AC7B2C /* E - Classmates 2 */ = {isa = PBXFileReference; explicitFileType = "compiled.mach-o.executable"; includeInIndex = 0; path = "E - Classmates 2"; sourceTree = BUILT_PRODUCTS_DIR; };
		CA5A85271BC387C600AC7B2C /* main.cpp */ = {isa = PBXFileReference; lastKnownFileType = sourcecode.cpp.cpp; path = main.cpp; sourceTree = "<group>"; };
/* End PBXFileReference section */

/* Begin PBXFrameworksBuildPhase section */
		CA5A85211BC387C600AC7B2C /* Frameworks */ = {
			isa = PBXFrameworksBuildPhase;
			buildActionMask = 2147483647;
			files = (
			);
			runOnlyForDeploymentPostprocessing = 0;
		};
/* End PBXFrameworksBuildPhase section */

/* Begin PBXGroup section */
		CA5A851B1BC387C600AC7B2C = {
			isa = PBXGroup;
			children = (
				CA5A85261BC387C600AC7B2C /* E - Classmates 2 */,
				CA5A85251BC387C600AC7B2C /* Products */,
			);
			sourceTree = "<group>";
		};
		CA5A85251BC387C600AC7B2C /* Products */ = {
			isa = PBXGroup;
			children = (
				CA5A85241BC387C600AC7B2C /* E - Classmates 2 */,
			);
			name = Products;
			sourceTree = "<group>";
		};
		CA5A85261BC387C600AC7B2C /* E - Classmates 2 */ = {
			isa = PBXGroup;
			children = (
				CA5A85271BC387C600AC7B2C /* main.cpp */,
			);
			path = "E - Classmates 2";
			sourceTree = "<group>";
		};
/* End PBXGroup section */

/* Begin PBXNativeTarget section */
		CA5A85231BC387C600AC7B2C /* E - Classmates 2 */ = {
			isa = PBXNativeTarget;
			buildConfigurationList = CA5A852B1BC387C600AC7B2C /* Build configuration list for PBXNativeTarget "E - Classmates 2" */;
			buildPhases = (
				CA5A85201BC387C600AC7B2C /* Sources */,
				CA5A85211BC387C600AC7B2C /* Frameworks */,
				CA5A85221BC387C600AC7B2C /* CopyFiles */,
			);
			buildRules = (
			);
			dependencies = (
			);
			name = "E - Classmates 2";
			productName = "E - Classmates 2";
			productReference = CA5A85241BC387C600AC7B2C /* E - Classmates 2 */;
			productType = "com.apple.product-type.tool";
		};
/* End PBXNativeTarget section */

/* Begin PBXProject section */
		CA5A851C1BC387C600AC7B2C /* Project object */ = {
			isa = PBXProject;
			attributes = {
				LastUpgradeCheck = 0640;
				ORGANIZATIONNAME = "Kieran Will";
				TargetAttributes = {
					CA5A85231BC387C600AC7B2C = {
						CreatedOnToolsVersion = 6.4;
					};
				};
			};
			buildConfigurationList = CA5A851F1BC387C600AC7B2C /* Build configuration list for PBXProject "E - Classmates 2" */;
			compatibilityVersion = "Xcode 3.2";
			developmentRegion = English;
			hasScannedForEncodings = 0;
			knownRegions = (
				en,
			);
			mainGroup = CA5A851B1BC387C600AC7B2C;
			productRefGroup = CA5A85251BC387C600AC7B2C /* Products */;
			projectDirPath = "";
			projectRoot = "";
			targets = (
				CA5A85231BC387C600AC7B2C /* E - Classmates 2 */,
			);
		};
/* End PBXProject section */

/* Begin PBXSourcesBuildPhase section */
		CA5A85201BC387C600AC7B2C /* Sources */ = {
			isa = PBXSourcesBuildPhase;
			buildActionMask = 2147483647;
			files = (
				CA5A85281BC387C600AC7B2C /* main.cpp in Sources */,
			);
			runOnlyForDeploymentPostprocessing = 0;
		};
/* End PBXSourcesBuildPhase section */

/* Begin XCBuildConfiguration section */
		CA5A85291BC387C600AC7B2C /* Debug */ = {
			isa = XCBuildConfiguration;
			buildSettings = {
				ALWAYS_SEARCH_USER_PATHS = NO;
				CLANG_CXX_LANGUAGE_STANDARD = "gnu++0x";
				CLANG_CXX_LIBRARY = "libc++";
				CLANG_ENABLE_MODULES = YES;
				CLANG_ENABLE_OBJC_ARC = YES;
				CLANG_WARN_BOOL_CONVERSION = YES;
				CLANG_WARN_CONSTANT_CONVERSION = YES;
				CLANG_WARN_DIRECT_OBJC_ISA_USAGE = YES_ERROR;
				CLANG_WARN_EMPTY_BODY = YES;
				CLANG_WARN_ENUM_CONVERSION = YES;
				CLANG_WARN_INT_CONVERSION = YES;
				CLANG_WARN_OBJC_ROOT_CLASS = YES_ERROR;
				CLANG_WARN_UNREACHABLE_CODE = YES;
				CLANG_WARN__DUPLICATE_METHOD_MATCH = YES;
				COPY_PHASE_STRIP = NO;
				DEBUG_INFORMATION_FORMAT = dwarf;
				ENABLE_STRICT_OBJC_MSGSEND = YES;
				GCC_C_LANGUAGE_STANDARD = gnu99;
				GCC_DYNAMIC_NO_PIC = NO;
				GCC_NO_COMMON_BLOCKS = YES;
				GCC_OPTIMIZATION_LEVEL = 0;
				GCC_PREPROCESSOR_DEFINITIONS = (
					"DEBUG=1",
					"$(inherited)",
				);
				GCC_SYMBOLS_PRIVATE_EXTERN = NO;
				GCC_WARN_64_TO_32_BIT_CONVERSION = YES;
				GCC_WARN_ABOUT_RETURN_TYPE = YES_ERROR;
				GCC_WARN_UNDECLARED_SELECTOR = YES;
				GCC_WARN_UNINITIALIZED_AUTOS = YES_AGGRESSIVE;
				GCC_WARN_UNUSED_FUNCTION = YES;
				GCC_WARN_UNUSED_VARIABLE = YES;
				MACOSX_DEPLOYMENT_TARGET = 10.11;
				MTL_ENABLE_DEBUG_INFO = YES;
				ONLY_ACTIVE_ARCH = YES;
				SDKROOT = macosx;
			};
			name = Debug;
		};
		CA5A852A1BC387C600AC7B2C /* Release */ = {
			isa = XCBuildConfiguration;
			buildSettings = {
				ALWAYS_SEARCH_USER_PATHS = NO;
				CLANG_CXX_LANGUAGE_STANDARD = "gnu++0x";
				CLANG_CXX_LIBRARY = "libc++";
				CLANG_ENABLE_MODULES = YES;
				CLANG_ENABLE_OBJC_ARC = YES;
				CLANG_WARN_BOOL_CONVERSION = YES;
				CLANG_WARN_CONSTANT_CONVERSION = YES;
				CLANG_WARN_DIRECT_OBJC_ISA_USAGE = YES_ERROR;
				CLANG_WARN_EMPTY_BODY = YES;
				CLANG_WARN_ENUM_CONVERSION = YES;
				CLANG_WARN_INT_CONVERSION = YES;
				CLANG_WARN_OBJC_ROOT_CLASS = YES_ERROR;
				CLANG_WARN_UNREACHABLE_CODE = YES;
				CLANG_WARN__DUPLICATE_METHOD_MATCH = YES;
				COPY_PHASE_STRIP = NO;
				DEBUG_INFORMATION_FORMAT = "dwarf-with-dsym";
				ENABLE_NS_ASSERTIONS = NO;
				ENABLE_STRICT_OBJC_MSGSEND = YES;
				GCC_C_LANGUAGE_STANDARD = gnu99;
				GCC_NO_COMMON_BLOCKS = YES;
				GCC_WARN_64_TO_32_BIT_CONVERSION = YES;
				GCC_WARN_ABOUT_RETURN_TYPE = YES_ERROR;
				GCC_WARN_UNDECLARED_SELECTOR = YES;
				GCC_WARN_UNINITIALIZED_AUTOS = YES_AGGRESSIVE;
				GCC_WARN_UNUSED_FUNCTION = YES;
				GCC_WARN_UNUSED_VARIABLE = YES;
				MACOSX_DEPLOYMENT_TARGET = 10.11;
				MTL_ENABLE_DEBUG_INFO = NO;
				SDKROOT = macosx;
			};
			name = Release;
		};
		CA5A852C1BC387C600AC7B2C /* Debug */ = {
			isa = XCBuildConfiguration;
			buildSettings = {
				PRODUCT_NAME = "$(TARGET_NAME)";
			};
			name = Debug;
		};
		CA5A852D1BC387C600AC7B2C /* Release */ = {
			isa = XCBuildConfiguration;
			buildSettings = {
				PRODUCT_NAME = "$(TARGET_NAME)";
			};
			name = Release;
		};
/* End XCBuildConfiguration section */

/* Begin XCConfigurationList section */
		CA5A851F1BC387C600AC7B2C /* Build configuration list for PBXProject "E - Classmates 2" */ = {
			isa = XCConfigurationList;
			buildConfigurations = (
				CA5A85291BC387C600AC7B2C /* Debug */,
				CA5A852A1BC387C600AC7B2C /* Release */,
			);
			defaultConfigurationIsVisible = 0;
			defaultConfigurationName = Release;
		};
		CA5A852B1BC387C600AC7B2C /* Build configuration list for PBXNativeTarget "E - Classmates 2" */ = {
			isa = XCConfigurationList;
			buildConfigurations = (
				CA5A852C1BC387C600AC7B2C /* Debug */,
				CA5A852D1BC387C600AC7B2C /* Release */,
			);
			defaultConfigurationIsVisible = 0;
		};
/* End XCConfigurationList section */
	};
	rootObject = CA5A851C1BC387C600AC7B2C /* Project object */;
}
