// !$*UTF8*$!
{
	archiveVersion = 1;
	classes = {
	};
	objectVersion = 46;
	objects = {

/* Begin PBXBuildFile section */
		CAACBA9D1C2C7D5C0097808D /* main.cpp in Sources */ = {isa = PBXBuildFile; fileRef = CAACBA9C1C2C7D5C0097808D /* main.cpp */; };
/* End PBXBuildFile section */

/* Begin PBXCopyFilesBuildPhase section */
		CAACBA971C2C7D5C0097808D /* CopyFiles */ = {
			isa = PBXCopyFilesBuildPhase;
			buildActionMask = 2147483647;
			dstPath = /usr/share/man/man1/;
			dstSubfolderSpec = 0;
			files = (
			);
			runOnlyForDeploymentPostprocessing = 1;
		};
/* End PBXCopyFilesBuildPhase section */

/* Begin PBXFileReference section */
		CAACBA991C2C7D5C0097808D /* DP.记忆化搜索状态压缩 */ = {isa = PBXFileReference; explicitFileType = "compiled.mach-o.executable"; includeInIndex = 0; path = "DP.记忆化搜索状态压缩"; sourceTree = BUILT_PRODUCTS_DIR; };
		CAACBA9C1C2C7D5C0097808D /* main.cpp */ = {isa = PBXFileReference; lastKnownFileType = sourcecode.cpp.cpp; path = main.cpp; sourceTree = "<group>"; };
/* End PBXFileReference section */

/* Begin PBXFrameworksBuildPhase section */
		CAACBA961C2C7D5C0097808D /* Frameworks */ = {
			isa = PBXFrameworksBuildPhase;
			buildActionMask = 2147483647;
			files = (
			);
			runOnlyForDeploymentPostprocessing = 0;
		};
/* End PBXFrameworksBuildPhase section */

/* Begin PBXGroup section */
		CAACBA901C2C7D5C0097808D = {
			isa = PBXGroup;
			children = (
				CAACBA9B1C2C7D5C0097808D /* DP.记忆化搜索状态压缩 */,
				CAACBA9A1C2C7D5C0097808D /* Products */,
			);
			sourceTree = "<group>";
		};
		CAACBA9A1C2C7D5C0097808D /* Products */ = {
			isa = PBXGroup;
			children = (
				CAACBA991C2C7D5C0097808D /* DP.记忆化搜索状态压缩 */,
			);
			name = Products;
			sourceTree = "<group>";
		};
		CAACBA9B1C2C7D5C0097808D /* DP.记忆化搜索状态压缩 */ = {
			isa = PBXGroup;
			children = (
				CAACBA9C1C2C7D5C0097808D /* main.cpp */,
			);
			path = "DP.记忆化搜索状态压缩";
			sourceTree = "<group>";
		};
/* End PBXGroup section */

/* Begin PBXNativeTarget section */
		CAACBA981C2C7D5C0097808D /* DP.记忆化搜索状态压缩 */ = {
			isa = PBXNativeTarget;
			buildConfigurationList = CAACBAA01C2C7D5C0097808D /* Build configuration list for PBXNativeTarget "DP.记忆化搜索状态压缩" */;
			buildPhases = (
				CAACBA951C2C7D5C0097808D /* Sources */,
				CAACBA961C2C7D5C0097808D /* Frameworks */,
				CAACBA971C2C7D5C0097808D /* CopyFiles */,
			);
			buildRules = (
			);
			dependencies = (
			);
			name = "DP.记忆化搜索状态压缩";
			productName = "DP.记忆化搜索状态压缩";
			productReference = CAACBA991C2C7D5C0097808D /* DP.记忆化搜索状态压缩 */;
			productType = "com.apple.product-type.tool";
		};
/* End PBXNativeTarget section */

/* Begin PBXProject section */
		CAACBA911C2C7D5C0097808D /* Project object */ = {
			isa = PBXProject;
			attributes = {
				LastUpgradeCheck = 0710;
				ORGANIZATIONNAME = "Kieran Will";
				TargetAttributes = {
					CAACBA981C2C7D5C0097808D = {
						CreatedOnToolsVersion = 7.1.1;
					};
				};
			};
			buildConfigurationList = CAACBA941C2C7D5C0097808D /* Build configuration list for PBXProject "DP.记忆化搜索状态压缩" */;
			compatibilityVersion = "Xcode 3.2";
			developmentRegion = English;
			hasScannedForEncodings = 0;
			knownRegions = (
				en,
			);
			mainGroup = CAACBA901C2C7D5C0097808D;
			productRefGroup = CAACBA9A1C2C7D5C0097808D /* Products */;
			projectDirPath = "";
			projectRoot = "";
			targets = (
				CAACBA981C2C7D5C0097808D /* DP.记忆化搜索状态压缩 */,
			);
		};
/* End PBXProject section */

/* Begin PBXSourcesBuildPhase section */
		CAACBA951C2C7D5C0097808D /* Sources */ = {
			isa = PBXSourcesBuildPhase;
			buildActionMask = 2147483647;
			files = (
				CAACBA9D1C2C7D5C0097808D /* main.cpp in Sources */,
			);
			runOnlyForDeploymentPostprocessing = 0;
		};
/* End PBXSourcesBuildPhase section */

/* Begin XCBuildConfiguration section */
		CAACBA9E1C2C7D5C0097808D /* Debug */ = {
			isa = XCBuildConfiguration;
			buildSettings = {
				ALWAYS_SEARCH_USER_PATHS = NO;
				CLANG_CXX_LANGUAGE_STANDARD = "gnu++0x";
				CLANG_CXX_LIBRARY = "libc++";
				CLANG_ENABLE_MODULES = YES;
				CLANG_ENABLE_OBJC_ARC = YES;
				CLANG_WARN_BOOL_CONVERSION = YES;
				CLANG_WARN_CONSTANT_CONVERSION = YES;
				CLANG_WARN_DIRECT_OBJC_ISA_USAGE = YES_ERROR;
				CLANG_WARN_EMPTY_BODY = YES;
				CLANG_WARN_ENUM_CONVERSION = YES;
				CLANG_WARN_INT_CONVERSION = YES;
				CLANG_WARN_OBJC_ROOT_CLASS = YES_ERROR;
				CLANG_WARN_UNREACHABLE_CODE = YES;
				CLANG_WARN__DUPLICATE_METHOD_MATCH = YES;
				CODE_SIGN_IDENTITY = "-";
				COPY_PHASE_STRIP = NO;
				DEBUG_INFORMATION_FORMAT = dwarf;
				ENABLE_STRICT_OBJC_MSGSEND = YES;
				ENABLE_TESTABILITY = YES;
				GCC_C_LANGUAGE_STANDARD = gnu99;
				GCC_DYNAMIC_NO_PIC = NO;
				GCC_NO_COMMON_BLOCKS = YES;
				GCC_OPTIMIZATION_LEVEL = 0;
				GCC_PREPROCESSOR_DEFINITIONS = (
					"DEBUG=1",
					"$(inherited)",
				);
				GCC_WARN_64_TO_32_BIT_CONVERSION = YES;
				GCC_WARN_ABOUT_RETURN_TYPE = YES_ERROR;
				GCC_WARN_UNDECLARED_SELECTOR = YES;
				GCC_WARN_UNINITIALIZED_AUTOS = YES_AGGRESSIVE;
				GCC_WARN_UNUSED_FUNCTION = YES;
				GCC_WARN_UNUSED_VARIABLE = YES;
				MACOSX_DEPLOYMENT_TARGET = 10.11;
				MTL_ENABLE_DEBUG_INFO = YES;
				ONLY_ACTIVE_ARCH = YES;
				SDKROOT = macosx;
			};
			name = Debug;
		};
		CAACBA9F1C2C7D5C0097808D /* Release */ = {
			isa = XCBuildConfiguration;
			buildSettings = {
				ALWAYS_SEARCH_USER_PATHS = NO;
				CLANG_CXX_LANGUAGE_STANDARD = "gnu++0x";
				CLANG_CXX_LIBRARY = "libc++";
				CLANG_ENABLE_MODULES = YES;
				CLANG_ENABLE_OBJC_ARC = YES;
				CLANG_WARN_BOOL_CONVERSION = YES;
				CLANG_WARN_CONSTANT_CONVERSION = YES;
				CLANG_WARN_DIRECT_OBJC_ISA_USAGE = YES_ERROR;
				CLANG_WARN_EMPTY_BODY = YES;
				CLANG_WARN_ENUM_CONVERSION = YES;
				CLANG_WARN_INT_CONVERSION = YES;
				CLANG_WARN_OBJC_ROOT_CLASS = YES_ERROR;
				CLANG_WARN_UNREACHABLE_CODE = YES;
				CLANG_WARN__DUPLICATE_METHOD_MATCH = YES;
				CODE_SIGN_IDENTITY = "-";
				COPY_PHASE_STRIP = NO;
				DEBUG_INFORMATION_FORMAT = "dwarf-with-dsym";
				ENABLE_NS_ASSERTIONS = NO;
				ENABLE_STRICT_OBJC_MSGSEND = YES;
				GCC_C_LANGUAGE_STANDARD = gnu99;
				GCC_NO_COMMON_BLOCKS = YES;
				GCC_WARN_64_TO_32_BIT_CONVERSION = YES;
				GCC_WARN_ABOUT_RETURN_TYPE = YES_ERROR;
				GCC_WARN_UNDECLARED_SELECTOR = YES;
				GCC_WARN_UNINITIALIZED_AUTOS = YES_AGGRESSIVE;
				GCC_WARN_UNUSED_FUNCTION = YES;
				GCC_WARN_UNUSED_VARIABLE = YES;
				MACOSX_DEPLOYMENT_TARGET = 10.11;
				MTL_ENABLE_DEBUG_INFO = NO;
				SDKROOT = macosx;
			};
			name = Release;
		};
		CAACBAA11C2C7D5C0097808D /* Debug */ = {
			isa = XCBuildConfiguration;
			buildSettings = {
				PRODUCT_NAME = "$(TARGET_NAME)";
			};
			name = Debug;
		};
		CAACBAA21C2C7D5C0097808D /* Release */ = {
			isa = XCBuildConfiguration;
			buildSettings = {
				PRODUCT_NAME = "$(TARGET_NAME)";
			};
			name = Release;
		};
/* End XCBuildConfiguration section */

/* Begin XCConfigurationList section */
		CAACBA941C2C7D5C0097808D /* Build configuration list for PBXProject "DP.记忆化搜索状态压缩" */ = {
			isa = XCConfigurationList;
			buildConfigurations = (
				CAACBA9E1C2C7D5C0097808D /* Debug */,
				CAACBA9F1C2C7D5C0097808D /* Release */,
			);
			defaultConfigurationIsVisible = 0;
			defaultConfigurationName = Release;
		};
		CAACBAA01C2C7D5C0097808D /* Build configuration list for PBXNativeTarget "DP.记忆化搜索状态压缩" */ = {
			isa = XCConfigurationList;
			buildConfigurations = (
				CAACBAA11C2C7D5C0097808D /* Debug */,
				CAACBAA21C2C7D5C0097808D /* Release */,
			);
			defaultConfigurationIsVisible = 0;
		};
/* End XCConfigurationList section */
	};
	rootObject = CAACBA911C2C7D5C0097808D /* Project object */;
}
