// !$*UTF8*$!
{
	archiveVersion = 1;
	classes = {
	};
	objectVersion = 46;
	objects = {

/* Begin PBXBuildFile section */
		CAADDC791BF5880300E8D4F2 /* main.cpp in Sources */ = {isa = PBXBuildFile; fileRef = CAADDC781BF5880300E8D4F2 /* main.cpp */; };
/* End PBXBuildFile section */

/* Begin PBXCopyFilesBuildPhase section */
		CAADDC731BF5880300E8D4F2 /* CopyFiles */ = {
			isa = PBXCopyFilesBuildPhase;
			buildActionMask = 2147483647;
			dstPath = /usr/share/man/man1/;
			dstSubfolderSpec = 0;
			files = (
			);
			runOnlyForDeploymentPostprocessing = 1;
		};
/* End PBXCopyFilesBuildPhase section */

/* Begin PBXFileReference section */
		CAADDC751BF5880300E8D4F2 /* E - Malevich Strikes Back! */ = {isa = PBXFileReference; explicitFileType = "compiled.mach-o.executable"; includeInIndex = 0; path = "E - Malevich Strikes Back!"; sourceTree = BUILT_PRODUCTS_DIR; };
		CAADDC781BF5880300E8D4F2 /* main.cpp */ = {isa = PBXFileReference; lastKnownFileType = sourcecode.cpp.cpp; path = main.cpp; sourceTree = "<group>"; };
/* End PBXFileReference section */

/* Begin PBXFrameworksBuildPhase section */
		CAADDC721BF5880300E8D4F2 /* Frameworks */ = {
			isa = PBXFrameworksBuildPhase;
			buildActionMask = 2147483647;
			files = (
			);
			runOnlyForDeploymentPostprocessing = 0;
		};
/* End PBXFrameworksBuildPhase section */

/* Begin PBXGroup section */
		CAADDC6C1BF5880300E8D4F2 = {
			isa = PBXGroup;
			children = (
				CAADDC771BF5880300E8D4F2 /* E - Malevich Strikes Back! */,
				CAADDC761BF5880300E8D4F2 /* Products */,
			);
			sourceTree = "<group>";
		};
		CAADDC761BF5880300E8D4F2 /* Products */ = {
			isa = PBXGroup;
			children = (
				CAADDC751BF5880300E8D4F2 /* E - Malevich Strikes Back! */,
			);
			name = Products;
			sourceTree = "<group>";
		};
		CAADDC771BF5880300E8D4F2 /* E - Malevich Strikes Back! */ = {
			isa = PBXGroup;
			children = (
				CAADDC781BF5880300E8D4F2 /* main.cpp */,
			);
			path = "E - Malevich Strikes Back!";
			sourceTree = "<group>";
		};
/* End PBXGroup section */

/* Begin PBXNativeTarget section */
		CAADDC741BF5880300E8D4F2 /* E - Malevich Strikes Back! */ = {
			isa = PBXNativeTarget;
			buildConfigurationList = CAADDC7C1BF5880300E8D4F2 /* Build configuration list for PBXNativeTarget "E - Malevich Strikes Back!" */;
			buildPhases = (
				CAADDC711BF5880300E8D4F2 /* Sources */,
				CAADDC721BF5880300E8D4F2 /* Frameworks */,
				CAADDC731BF5880300E8D4F2 /* CopyFiles */,
			);
			buildRules = (
			);
			dependencies = (
			);
			name = "E - Malevich Strikes Back!";
			productName = "E - Malevich Strikes Back!";
			productReference = CAADDC751BF5880300E8D4F2 /* E - Malevich Strikes Back! */;
			productType = "com.apple.product-type.tool";
		};
/* End PBXNativeTarget section */

/* Begin PBXProject section */
		CAADDC6D1BF5880300E8D4F2 /* Project object */ = {
			isa = PBXProject;
			attributes = {
				LastUpgradeCheck = 0710;
				ORGANIZATIONNAME = "Kieran Will";
				TargetAttributes = {
					CAADDC741BF5880300E8D4F2 = {
						CreatedOnToolsVersion = 7.1;
					};
				};
			};
			buildConfigurationList = CAADDC701BF5880300E8D4F2 /* Build configuration list for PBXProject "E - Malevich Strikes Back!" */;
			compatibilityVersion = "Xcode 3.2";
			developmentRegion = English;
			hasScannedForEncodings = 0;
			knownRegions = (
				en,
			);
			mainGroup = CAADDC6C1BF5880300E8D4F2;
			productRefGroup = CAADDC761BF5880300E8D4F2 /* Products */;
			projectDirPath = "";
			projectRoot = "";
			targets = (
				CAADDC741BF5880300E8D4F2 /* E - Malevich Strikes Back! */,
			);
		};
/* End PBXProject section */

/* Begin PBXSourcesBuildPhase section */
		CAADDC711BF5880300E8D4F2 /* Sources */ = {
			isa = PBXSourcesBuildPhase;
			buildActionMask = 2147483647;
			files = (
				CAADDC791BF5880300E8D4F2 /* main.cpp in Sources */,
			);
			runOnlyForDeploymentPostprocessing = 0;
		};
/* End PBXSourcesBuildPhase section */

/* Begin XCBuildConfiguration section */
		CAADDC7A1BF5880300E8D4F2 /* Debug */ = {
			isa = XCBuildConfiguration;
			buildSettings = {
				ALWAYS_SEARCH_USER_PATHS = NO;
				CLANG_CXX_LANGUAGE_STANDARD = "gnu++0x";
				CLANG_CXX_LIBRARY = "libc++";
				CLANG_ENABLE_MODULES = YES;
				CLANG_ENABLE_OBJC_ARC = YES;
				CLANG_WARN_BOOL_CONVERSION = YES;
				CLANG_WARN_CONSTANT_CONVERSION = YES;
				CLANG_WARN_DIRECT_OBJC_ISA_USAGE = YES_ERROR;
				CLANG_WARN_EMPTY_BODY = YES;
				CLANG_WARN_ENUM_CONVERSION = YES;
				CLANG_WARN_INT_CONVERSION = YES;
				CLANG_WARN_OBJC_ROOT_CLASS = YES_ERROR;
				CLANG_WARN_UNREACHABLE_CODE = YES;
				CLANG_WARN__DUPLICATE_METHOD_MATCH = YES;
				CODE_SIGN_IDENTITY = "-";
				COPY_PHASE_STRIP = NO;
				DEBUG_INFORMATION_FORMAT = dwarf;
				ENABLE_STRICT_OBJC_MSGSEND = YES;
				ENABLE_TESTABILITY = YES;
				GCC_C_LANGUAGE_STANDARD = gnu99;
				GCC_DYNAMIC_NO_PIC = NO;
				GCC_NO_COMMON_BLOCKS = YES;
				GCC_OPTIMIZATION_LEVEL = 0;
				GCC_PREPROCESSOR_DEFINITIONS = (
					"DEBUG=1",
					"$(inherited)",
				);
				GCC_WARN_64_TO_32_BIT_CONVERSION = YES;
				GCC_WARN_ABOUT_RETURN_TYPE = YES_ERROR;
				GCC_WARN_UNDECLARED_SELECTOR = YES;
				GCC_WARN_UNINITIALIZED_AUTOS = YES_AGGRESSIVE;
				GCC_WARN_UNUSED_FUNCTION = YES;
				GCC_WARN_UNUSED_VARIABLE = YES;
				MACOSX_DEPLOYMENT_TARGET = 10.11;
				MTL_ENABLE_DEBUG_INFO = YES;
				ONLY_ACTIVE_ARCH = YES;
				SDKROOT = macosx;
			};
			name = Debug;
		};
		CAADDC7B1BF5880300E8D4F2 /* Release */ = {
			isa = XCBuildConfiguration;
			buildSettings = {
				ALWAYS_SEARCH_USER_PATHS = NO;
				CLANG_CXX_LANGUAGE_STANDARD = "gnu++0x";
				CLANG_CXX_LIBRARY = "libc++";
				CLANG_ENABLE_MODULES = YES;
				CLANG_ENABLE_OBJC_ARC = YES;
				CLANG_WARN_BOOL_CONVERSION = YES;
				CLANG_WARN_CONSTANT_CONVERSION = YES;
				CLANG_WARN_DIRECT_OBJC_ISA_USAGE = YES_ERROR;
				CLANG_WARN_EMPTY_BODY = YES;
				CLANG_WARN_ENUM_CONVERSION = YES;
				CLANG_WARN_INT_CONVERSION = YES;
				CLANG_WARN_OBJC_ROOT_CLASS = YES_ERROR;
				CLANG_WARN_UNREACHABLE_CODE = YES;
				CLANG_WARN__DUPLICATE_METHOD_MATCH = YES;
				CODE_SIGN_IDENTITY = "-";
				COPY_PHASE_STRIP = NO;
				DEBUG_INFORMATION_FORMAT = "dwarf-with-dsym";
				ENABLE_NS_ASSERTIONS = NO;
				ENABLE_STRICT_OBJC_MSGSEND = YES;
				GCC_C_LANGUAGE_STANDARD = gnu99;
				GCC_NO_COMMON_BLOCKS = YES;
				GCC_WARN_64_TO_32_BIT_CONVERSION = YES;
				GCC_WARN_ABOUT_RETURN_TYPE = YES_ERROR;
				GCC_WARN_UNDECLARED_SELECTOR = YES;
				GCC_WARN_UNINITIALIZED_AUTOS = YES_AGGRESSIVE;
				GCC_WARN_UNUSED_FUNCTION = YES;
				GCC_WARN_UNUSED_VARIABLE = YES;
				MACOSX_DEPLOYMENT_TARGET = 10.11;
				MTL_ENABLE_DEBUG_INFO = NO;
				SDKROOT = macosx;
			};
			name = Release;
		};
		CAADDC7D1BF5880300E8D4F2 /* Debug */ = {
			isa = XCBuildConfiguration;
			buildSettings = {
				PRODUCT_NAME = "$(TARGET_NAME)";
			};
			name = Debug;
		};
		CAADDC7E1BF5880300E8D4F2 /* Release */ = {
			isa = XCBuildConfiguration;
			buildSettings = {
				PRODUCT_NAME = "$(TARGET_NAME)";
			};
			name = Release;
		};
/* End XCBuildConfiguration section */

/* Begin XCConfigurationList section */
		CAADDC701BF5880300E8D4F2 /* Build configuration list for PBXProject "E - Malevich Strikes Back!" */ = {
			isa = XCConfigurationList;
			buildConfigurations = (
				CAADDC7A1BF5880300E8D4F2 /* Debug */,
				CAADDC7B1BF5880300E8D4F2 /* Release */,
			);
			defaultConfigurationIsVisible = 0;
			defaultConfigurationName = Release;
		};
		CAADDC7C1BF5880300E8D4F2 /* Build configuration list for PBXNativeTarget "E - Malevich Strikes Back!" */ = {
			isa = XCConfigurationList;
			buildConfigurations = (
				CAADDC7D1BF5880300E8D4F2 /* Debug */,
				CAADDC7E1BF5880300E8D4F2 /* Release */,
			);
			defaultConfigurationIsVisible = 0;
		};
/* End XCConfigurationList section */
	};
	rootObject = CAADDC6D1BF5880300E8D4F2 /* Project object */;
}
