// !$*UTF8*$!
{
	archiveVersion = 1;
	classes = {
	};
	objectVersion = 46;
	objects = {

/* Begin PBXBuildFile section */
		CA2A5BE21BBAFD3400CD468F /* main.cpp in Sources */ = {isa = PBXBuildFile; fileRef = CA2A5BE11BBAFD3400CD468F /* main.cpp */; };
/* End PBXBuildFile section */

/* Begin PBXCopyFilesBuildPhase section */
		CA2A5BDC1BBAFD3400CD468F /* CopyFiles */ = {
			isa = PBXCopyFilesBuildPhase;
			buildActionMask = 2147483647;
			dstPath = /usr/share/man/man1/;
			dstSubfolderSpec = 0;
			files = (
			);
			runOnlyForDeploymentPostprocessing = 1;
		};
/* End PBXCopyFilesBuildPhase section */

/* Begin PBXFileReference section */
		CA2A5BDE1BBAFD3400CD468F /* C - Way to the University */ = {isa = PBXFileReference; explicitFileType = "compiled.mach-o.executable"; includeInIndex = 0; path = "C - Way to the University"; sourceTree = BUILT_PRODUCTS_DIR; };
		CA2A5BE11BBAFD3400CD468F /* main.cpp */ = {isa = PBXFileReference; lastKnownFileType = sourcecode.cpp.cpp; path = main.cpp; sourceTree = "<group>"; };
/* End PBXFileReference section */

/* Begin PBXFrameworksBuildPhase section */
		CA2A5BDB1BBAFD3400CD468F /* Frameworks */ = {
			isa = PBXFrameworksBuildPhase;
			buildActionMask = 2147483647;
			files = (
			);
			runOnlyForDeploymentPostprocessing = 0;
		};
/* End PBXFrameworksBuildPhase section */

/* Begin PBXGroup section */
		CA2A5BD51BBAFD3400CD468F = {
			isa = PBXGroup;
			children = (
				CA2A5BE01BBAFD3400CD468F /* C - Way to the University */,
				CA2A5BDF1BBAFD3400CD468F /* Products */,
			);
			sourceTree = "<group>";
		};
		CA2A5BDF1BBAFD3400CD468F /* Products */ = {
			isa = PBXGroup;
			children = (
				CA2A5BDE1BBAFD3400CD468F /* C - Way to the University */,
			);
			name = Products;
			sourceTree = "<group>";
		};
		CA2A5BE01BBAFD3400CD468F /* C - Way to the University */ = {
			isa = PBXGroup;
			children = (
				CA2A5BE11BBAFD3400CD468F /* main.cpp */,
			);
			path = "C - Way to the University";
			sourceTree = "<group>";
		};
/* End PBXGroup section */

/* Begin PBXNativeTarget section */
		CA2A5BDD1BBAFD3400CD468F /* C - Way to the University */ = {
			isa = PBXNativeTarget;
			buildConfigurationList = CA2A5BE51BBAFD3400CD468F /* Build configuration list for PBXNativeTarget "C - Way to the University" */;
			buildPhases = (
				CA2A5BDA1BBAFD3400CD468F /* Sources */,
				CA2A5BDB1BBAFD3400CD468F /* Frameworks */,
				CA2A5BDC1BBAFD3400CD468F /* CopyFiles */,
			);
			buildRules = (
			);
			dependencies = (
			);
			name = "C - Way to the University";
			productName = "C - Way to the University";
			productReference = CA2A5BDE1BBAFD3400CD468F /* C - Way to the University */;
			productType = "com.apple.product-type.tool";
		};
/* End PBXNativeTarget section */

/* Begin PBXProject section */
		CA2A5BD61BBAFD3400CD468F /* Project object */ = {
			isa = PBXProject;
			attributes = {
				LastUpgradeCheck = 0640;
				ORGANIZATIONNAME = "Kieran Will";
				TargetAttributes = {
					CA2A5BDD1BBAFD3400CD468F = {
						CreatedOnToolsVersion = 6.4;
					};
				};
			};
			buildConfigurationList = CA2A5BD91BBAFD3400CD468F /* Build configuration list for PBXProject "C - Way to the University" */;
			compatibilityVersion = "Xcode 3.2";
			developmentRegion = English;
			hasScannedForEncodings = 0;
			knownRegions = (
				en,
			);
			mainGroup = CA2A5BD51BBAFD3400CD468F;
			productRefGroup = CA2A5BDF1BBAFD3400CD468F /* Products */;
			projectDirPath = "";
			projectRoot = "";
			targets = (
				CA2A5BDD1BBAFD3400CD468F /* C - Way to the University */,
			);
		};
/* End PBXProject section */

/* Begin PBXSourcesBuildPhase section */
		CA2A5BDA1BBAFD3400CD468F /* Sources */ = {
			isa = PBXSourcesBuildPhase;
			buildActionMask = 2147483647;
			files = (
				CA2A5BE21BBAFD3400CD468F /* main.cpp in Sources */,
			);
			runOnlyForDeploymentPostprocessing = 0;
		};
/* End PBXSourcesBuildPhase section */

/* Begin XCBuildConfiguration section */
		CA2A5BE31BBAFD3400CD468F /* Debug */ = {
			isa = XCBuildConfiguration;
			buildSettings = {
				ALWAYS_SEARCH_USER_PATHS = NO;
				CLANG_CXX_LANGUAGE_STANDARD = "gnu++0x";
				CLANG_CXX_LIBRARY = "libc++";
				CLANG_ENABLE_MODULES = YES;
				CLANG_ENABLE_OBJC_ARC = YES;
				CLANG_WARN_BOOL_CONVERSION = YES;
				CLANG_WARN_CONSTANT_CONVERSION = YES;
				CLANG_WARN_DIRECT_OBJC_ISA_USAGE = YES_ERROR;
				CLANG_WARN_EMPTY_BODY = YES;
				CLANG_WARN_ENUM_CONVERSION = YES;
				CLANG_WARN_INT_CONVERSION = YES;
				CLANG_WARN_OBJC_ROOT_CLASS = YES_ERROR;
				CLANG_WARN_UNREACHABLE_CODE = YES;
				CLANG_WARN__DUPLICATE_METHOD_MATCH = YES;
				COPY_PHASE_STRIP = NO;
				DEBUG_INFORMATION_FORMAT = dwarf;
				ENABLE_STRICT_OBJC_MSGSEND = YES;
				GCC_C_LANGUAGE_STANDARD = gnu99;
				GCC_DYNAMIC_NO_PIC = NO;
				GCC_NO_COMMON_BLOCKS = YES;
				GCC_OPTIMIZATION_LEVEL = 0;
				GCC_PREPROCESSOR_DEFINITIONS = (
					"DEBUG=1",
					"$(inherited)",
				);
				GCC_SYMBOLS_PRIVATE_EXTERN = NO;
				GCC_WARN_64_TO_32_BIT_CONVERSION = YES;
				GCC_WARN_ABOUT_RETURN_TYPE = YES_ERROR;
				GCC_WARN_UNDECLARED_SELECTOR = YES;
				GCC_WARN_UNINITIALIZED_AUTOS = YES_AGGRESSIVE;
				GCC_WARN_UNUSED_FUNCTION = YES;
				GCC_WARN_UNUSED_VARIABLE = YES;
				MACOSX_DEPLOYMENT_TARGET = 10.11;
				MTL_ENABLE_DEBUG_INFO = YES;
				ONLY_ACTIVE_ARCH = YES;
				SDKROOT = macosx;
			};
			name = Debug;
		};
		CA2A5BE41BBAFD3400CD468F /* Release */ = {
			isa = XCBuildConfiguration;
			buildSettings = {
				ALWAYS_SEARCH_USER_PATHS = NO;
				CLANG_CXX_LANGUAGE_STANDARD = "gnu++0x";
				CLANG_CXX_LIBRARY = "libc++";
				CLANG_ENABLE_MODULES = YES;
				CLANG_ENABLE_OBJC_ARC = YES;
				CLANG_WARN_BOOL_CONVERSION = YES;
				CLANG_WARN_CONSTANT_CONVERSION = YES;
				CLANG_WARN_DIRECT_OBJC_ISA_USAGE = YES_ERROR;
				CLANG_WARN_EMPTY_BODY = YES;
				CLANG_WARN_ENUM_CONVERSION = YES;
				CLANG_WARN_INT_CONVERSION = YES;
				CLANG_WARN_OBJC_ROOT_CLASS = YES_ERROR;
				CLANG_WARN_UNREACHABLE_CODE = YES;
				CLANG_WARN__DUPLICATE_METHOD_MATCH = YES;
				COPY_PHASE_STRIP = NO;
				DEBUG_INFORMATION_FORMAT = "dwarf-with-dsym";
				ENABLE_NS_ASSERTIONS = NO;
				ENABLE_STRICT_OBJC_MSGSEND = YES;
				GCC_C_LANGUAGE_STANDARD = gnu99;
				GCC_NO_COMMON_BLOCKS = YES;
				GCC_WARN_64_TO_32_BIT_CONVERSION = YES;
				GCC_WARN_ABOUT_RETURN_TYPE = YES_ERROR;
				GCC_WARN_UNDECLARED_SELECTOR = YES;
				GCC_WARN_UNINITIALIZED_AUTOS = YES_AGGRESSIVE;
				GCC_WARN_UNUSED_FUNCTION = YES;
				GCC_WARN_UNUSED_VARIABLE = YES;
				MACOSX_DEPLOYMENT_TARGET = 10.11;
				MTL_ENABLE_DEBUG_INFO = NO;
				SDKROOT = macosx;
			};
			name = Release;
		};
		CA2A5BE61BBAFD3400CD468F /* Debug */ = {
			isa = XCBuildConfiguration;
			buildSettings = {
				PRODUCT_NAME = "$(TARGET_NAME)";
			};
			name = Debug;
		};
		CA2A5BE71BBAFD3400CD468F /* Release */ = {
			isa = XCBuildConfiguration;
			buildSettings = {
				PRODUCT_NAME = "$(TARGET_NAME)";
			};
			name = Release;
		};
/* End XCBuildConfiguration section */

/* Begin XCConfigurationList section */
		CA2A5BD91BBAFD3400CD468F /* Build configuration list for PBXProject "C - Way to the University" */ = {
			isa = XCConfigurationList;
			buildConfigurations = (
				CA2A5BE31BBAFD3400CD468F /* Debug */,
				CA2A5BE41BBAFD3400CD468F /* Release */,
			);
			defaultConfigurationIsVisible = 0;
			defaultConfigurationName = Release;
		};
		CA2A5BE51BBAFD3400CD468F /* Build configuration list for PBXNativeTarget "C - Way to the University" */ = {
			isa = XCConfigurationList;
			buildConfigurations = (
				CA2A5BE61BBAFD3400CD468F /* Debug */,
				CA2A5BE71BBAFD3400CD468F /* Release */,
			);
			defaultConfigurationIsVisible = 0;
		};
/* End XCConfigurationList section */
	};
	rootObject = CA2A5BD61BBAFD3400CD468F /* Project object */;
}
